
Microsoft Visual Studio Solution File, Format Version 12.00
# Visual Studio Version 17
VisualStudioVersion = 17.7.34031.279
MinimumVisualStudioVersion = 10.0.40219.1
Project("{FAE04EC0-301F-11D3-BF4B-00C04F79EFBC}") = "GD.RRHH.CheckList.AccessMigrations", "GD.RRHH.CheckList.AccessMigrations.csproj", "{9AE8C5C2-8D07-494A-B392-E725F91192D0}"
EndProject
Global
	GlobalSection(SolutionConfigurationPlatforms) = preSolution
		Debug|Any CPU = Debug|Any CPU
		Release|Any CPU = Release|Any CPU
	EndGlobalSection
	GlobalSection(ProjectConfigurationPlatforms) = postSolution
		{9AE8C5C2-8D07-494A-B392-E725F91192D0}.Debug|Any CPU.ActiveCfg = Debug|Any CPU
		{9AE8C5C2-8D07-494A-B392-E725F91192D0}.Debug|Any CPU.Build.0 = Debug|Any CPU
		{9AE8C5C2-8D07-494A-B392-E725F91192D0}.Release|Any CPU.ActiveCfg = Release|Any CPU
		{9AE8C5C2-8D07-494A-B392-E725F91192D0}.Release|Any CPU.Build.0 = Release|Any CPU
	EndGlobalSection
	GlobalSection(SolutionProperties) = preSolution
		HideSolutionNode = FALSE
	EndGlobalSection
	GlobalSection(ExtensibilityGlobals) = postSolution
		SolutionGuid = {26325BDA-F071-4E4C-B293-8DA4066A188E}
	EndGlobalSection
EndGlobal
